// !$*UTF8*$!
{
	archiveVersion = 1;
	classes = {
	};
	objectVersion = 56;
	objects = {

/* Begin PBXBuildFile section */
		2C4A78F42C00C7AF0061FA95 /* ReminderDoneButton.swift in Sources */ = {isa = PBXBuildFile; fileRef = 2C4A78F32C00C7AF0061FA95 /* ReminderDoneButton.swift */; };
		2C4A78F62C00C8AC0061FA95 /* ReminderListViewController+Actions.swift in Sources */ = {isa = PBXBuildFile; fileRef = 2C4A78F52C00C8AC0061FA95 /* ReminderListViewController+Actions.swift */; };
		2C4A78F82C00D8DF0061FA95 /* ReminderViewController.swift in Sources */ = {isa = PBXBuildFile; fileRef = 2C4A78F72C00D8DF0061FA95 /* ReminderViewController.swift */; };
		2C4A78FB2C00DC370061FA95 /* ReminderViewController+Row.swift in Sources */ = {isa = PBXBuildFile; fileRef = 2C4A78FA2C00DC370061FA95 /* ReminderViewController+Row.swift */; };
		2C4D587D2BFCD6AD00344842 /* ReminderListViewController+DataSource.swift in Sources */ = {isa = PBXBuildFile; fileRef = 2C4D587C2BFCD6AD00344842 /* ReminderListViewController+DataSource.swift */; };
		2C4D587F2BFCDDC000344842 /* UIColor+Today.swift in Sources */ = {isa = PBXBuildFile; fileRef = 2C4D587E2BFCDDC000344842 /* UIColor+Today.swift */; };
		2C62CC9A2BF759450002882A /* Date+Today.swift in Sources */ = {isa = PBXBuildFile; fileRef = 2C62CC992BF759450002882A /* Date+Today.swift */; };
		2CFA28382BF6023D001AF328 /* AppDelegate.swift in Sources */ = {isa = PBXBuildFile; fileRef = 2CFA28372BF6023D001AF328 /* AppDelegate.swift */; };
		2CFA283A2BF6023D001AF328 /* SceneDelegate.swift in Sources */ = {isa = PBXBuildFile; fileRef = 2CFA28392BF6023D001AF328 /* SceneDelegate.swift */; };
		2CFA283C2BF6023D001AF328 /* ReminderListViewController.swift in Sources */ = {isa = PBXBuildFile; fileRef = 2CFA283B2BF6023D001AF328 /* ReminderListViewController.swift */; };
		2CFA283F2BF6023D001AF328 /* Main.storyboard in Resources */ = {isa = PBXBuildFile; fileRef = 2CFA283D2BF6023D001AF328 /* Main.storyboard */; };
		2CFA28412BF6023E001AF328 /* Assets.xcassets in Resources */ = {isa = PBXBuildFile; fileRef = 2CFA28402BF6023E001AF328 /* Assets.xcassets */; };
		2CFA28442BF6023E001AF328 /* LaunchScreen.storyboard in Resources */ = {isa = PBXBuildFile; fileRef = 2CFA28422BF6023E001AF328 /* LaunchScreen.storyboard */; };
		2CFA284D2BF60D08001AF328 /* Reminder.swift in Sources */ = {isa = PBXBuildFile; fileRef = 2CFA284C2BF60D08001AF328 /* Reminder.swift */; };
/* End PBXBuildFile section */

/* Begin PBXFileReference section */
		2C4A78F32C00C7AF0061FA95 /* ReminderDoneButton.swift */ = {isa = PBXFileReference; lastKnownFileType = sourcecode.swift; path = ReminderDoneButton.swift; sourceTree = "<group>"; };
		2C4A78F52C00C8AC0061FA95 /* ReminderListViewController+Actions.swift */ = {isa = PBXFileReference; lastKnownFileType = sourcecode.swift; path = "ReminderListViewController+Actions.swift"; sourceTree = "<group>"; };
		2C4A78F72C00D8DF0061FA95 /* ReminderViewController.swift */ = {isa = PBXFileReference; lastKnownFileType = sourcecode.swift; path = ReminderViewController.swift; sourceTree = "<group>"; };
		2C4A78FA2C00DC370061FA95 /* ReminderViewController+Row.swift */ = {isa = PBXFileReference; lastKnownFileType = sourcecode.swift; path = "ReminderViewController+Row.swift"; sourceTree = "<group>"; };
		2C4D587C2BFCD6AD00344842 /* ReminderListViewController+DataSource.swift */ = {isa = PBXFileReference; lastKnownFileType = sourcecode.swift; path = "ReminderListViewController+DataSource.swift"; sourceTree = "<group>"; };
		2C4D587E2BFCDDC000344842 /* UIColor+Today.swift */ = {isa = PBXFileReference; lastKnownFileType = sourcecode.swift; path = "UIColor+Today.swift"; sourceTree = "<group>"; };
		2C62CC992BF759450002882A /* Date+Today.swift */ = {isa = PBXFileReference; lastKnownFileType = sourcecode.swift; path = "Date+Today.swift"; sourceTree = "<group>"; };
		2CFA28342BF6023D001AF328 /* Today.app */ = {isa = PBXFileReference; explicitFileType = wrapper.application; includeInIndex = 0; path = Today.app; sourceTree = BUILT_PRODUCTS_DIR; };
		2CFA28372BF6023D001AF328 /* AppDelegate.swift */ = {isa = PBXFileReference; lastKnownFileType = sourcecode.swift; path = AppDelegate.swift; sourceTree = "<group>"; };
		2CFA28392BF6023D001AF328 /* SceneDelegate.swift */ = {isa = PBXFileReference; lastKnownFileType = sourcecode.swift; path = SceneDelegate.swift; sourceTree = "<group>"; };
		2CFA283B2BF6023D001AF328 /* ReminderListViewController.swift */ = {isa = PBXFileReference; lastKnownFileType = sourcecode.swift; path = ReminderListViewController.swift; sourceTree = "<group>"; };
		2CFA283E2BF6023D001AF328 /* Base */ = {isa = PBXFileReference; lastKnownFileType = file.storyboard; name = Base; path = Base.lproj/Main.storyboard; sourceTree = "<group>"; };
		2CFA28402BF6023E001AF328 /* Assets.xcassets */ = {isa = PBXFileReference; lastKnownFileType = folder.assetcatalog; path = Assets.xcassets; sourceTree = "<group>"; };
		2CFA28432BF6023E001AF328 /* Base */ = {isa = PBXFileReference; lastKnownFileType = file.storyboard; name = Base; path = Base.lproj/LaunchScreen.storyboard; sourceTree = "<group>"; };
		2CFA28452BF6023E001AF328 /* Info.plist */ = {isa = PBXFileReference; lastKnownFileType = text.plist.xml; path = Info.plist; sourceTree = "<group>"; };
		2CFA284C2BF60D08001AF328 /* Reminder.swift */ = {isa = PBXFileReference; lastKnownFileType = sourcecode.swift; path = Reminder.swift; sourceTree = "<group>"; };
/* End PBXFileReference section */

/* Begin PBXFrameworksBuildPhase section */
		2CFA28312BF6023D001AF328 /* Frameworks */ = {
			isa = PBXFrameworksBuildPhase;
			buildActionMask = 2147483647;
			files = (
			);
			runOnlyForDeploymentPostprocessing = 0;
		};
/* End PBXFrameworksBuildPhase section */

/* Begin PBXGroup section */
		2C4A78F92C00DC120061FA95 /* DetailViewController */ = {
			isa = PBXGroup;
			children = (
				2C4A78F72C00D8DF0061FA95 /* ReminderViewController.swift */,
				2C4A78FA2C00DC370061FA95 /* ReminderViewController+Row.swift */,
			);
			path = DetailViewController;
			sourceTree = "<group>";
		};
		2C4D587B2BFCD58D00344842 /* ListViewController */ = {
			isa = PBXGroup;
			children = (
				2CFA283B2BF6023D001AF328 /* ReminderListViewController.swift */,
				2C4D587C2BFCD6AD00344842 /* ReminderListViewController+DataSource.swift */,
				2C4A78F32C00C7AF0061FA95 /* ReminderDoneButton.swift */,
				2C4A78F52C00C8AC0061FA95 /* ReminderListViewController+Actions.swift */,
			);
			path = ListViewController;
			sourceTree = "<group>";
		};
		2CFA282B2BF6023D001AF328 = {
			isa = PBXGroup;
			children = (
				2CFA28362BF6023D001AF328 /* Today */,
				2CFA28352BF6023D001AF328 /* Products */,
			);
			sourceTree = "<group>";
		};
		2CFA28352BF6023D001AF328 /* Products */ = {
			isa = PBXGroup;
			children = (
				2CFA28342BF6023D001AF328 /* Today.app */,
			);
			name = Products;
			sourceTree = "<group>";
		};
		2CFA28362BF6023D001AF328 /* Today */ = {
			isa = PBXGroup;
			children = (
				2C4A78F92C00DC120061FA95 /* DetailViewController */,
				2CFA284B2BF60CBA001AF328 /* Models */,
				2C4D587B2BFCD58D00344842 /* ListViewController */,
				2CFA28372BF6023D001AF328 /* AppDelegate.swift */,
				2CFA28392BF6023D001AF328 /* SceneDelegate.swift */,
				2CFA283D2BF6023D001AF328 /* Main.storyboard */,
				2CFA28402BF6023E001AF328 /* Assets.xcassets */,
				2CFA28422BF6023E001AF328 /* LaunchScreen.storyboard */,
				2CFA28452BF6023E001AF328 /* Info.plist */,
			);
			path = Today;
			sourceTree = "<group>";
		};
		2CFA284B2BF60CBA001AF328 /* Models */ = {
			isa = PBXGroup;
			children = (
				2CFA284C2BF60D08001AF328 /* Reminder.swift */,
				2C62CC992BF759450002882A /* Date+Today.swift */,
				2C4D587E2BFCDDC000344842 /* UIColor+Today.swift */,
			);
			path = Models;
			sourceTree = "<group>";
		};
/* End PBXGroup section */

/* Begin PBXNativeTarget section */
		2CFA28332BF6023D001AF328 /* Today */ = {
			isa = PBXNativeTarget;
			buildConfigurationList = 2CFA28482BF6023E001AF328 /* Build configuration list for PBXNativeTarget "Today" */;
			buildPhases = (
				2CFA28302BF6023D001AF328 /* Sources */,
				2CFA28312BF6023D001AF328 /* Frameworks */,
				2CFA28322BF6023D001AF328 /* Resources */,
			);
			buildRules = (
			);
			dependencies = (
			);
			name = Today;
			productName = Today;
			productReference = 2CFA28342BF6023D001AF328 /* Today.app */;
			productType = "com.apple.product-type.application";
		};
/* End PBXNativeTarget section */

/* Begin PBXProject section */
		2CFA282C2BF6023D001AF328 /* Project object */ = {
			isa = PBXProject;
			attributes = {
				BuildIndependentTargetsInParallel = 1;
				LastSwiftUpdateCheck = 1430;
				LastUpgradeCheck = 1430;
				TargetAttributes = {
					2CFA28332BF6023D001AF328 = {
						CreatedOnToolsVersion = 14.3.1;
					};
				};
			};
			buildConfigurationList = 2CFA282F2BF6023D001AF328 /* Build configuration list for PBXProject "Today" */;
			compatibilityVersion = "Xcode 14.0";
			developmentRegion = en;
			hasScannedForEncodings = 0;
			knownRegions = (
				en,
				Base,
			);
			mainGroup = 2CFA282B2BF6023D001AF328;
			productRefGroup = 2CFA28352BF6023D001AF328 /* Products */;
			projectDirPath = "";
			projectRoot = "";
			targets = (
				2CFA28332BF6023D001AF328 /* Today */,
			);
		};
/* End PBXProject section */

/* Begin PBXResourcesBuildPhase section */
		2CFA28322BF6023D001AF328 /* Resources */ = {
			isa = PBXResourcesBuildPhase;
			buildActionMask = 2147483647;
			files = (
				2CFA28442BF6023E001AF328 /* LaunchScreen.storyboard in Resources */,
				2CFA28412BF6023E001AF328 /* Assets.xcassets in Resources */,
				2CFA283F2BF6023D001AF328 /* Main.storyboard in Resources */,
			);
			runOnlyForDeploymentPostprocessing = 0;
		};
/* End PBXResourcesBuildPhase section */

/* Begin PBXSourcesBuildPhase section */
		2CFA28302BF6023D001AF328 /* Sources */ = {
			isa = PBXSourcesBuildPhase;
			buildActionMask = 2147483647;
			files = (
				2C4D587F2BFCDDC000344842 /* UIColor+Today.swift in Sources */,
				2C4A78F62C00C8AC0061FA95 /* ReminderListViewController+Actions.swift in Sources */,
				2C4A78F82C00D8DF0061FA95 /* ReminderViewController.swift in Sources */,
				2CFA283C2BF6023D001AF328 /* ReminderListViewController.swift in Sources */,
				2C62CC9A2BF759450002882A /* Date+Today.swift in Sources */,
				2C4A78FB2C00DC370061FA95 /* ReminderViewController+Row.swift in Sources */,
				2C4A78F42C00C7AF0061FA95 /* ReminderDoneButton.swift in Sources */,
				2CFA28382BF6023D001AF328 /* AppDelegate.swift in Sources */,
				2CFA283A2BF6023D001AF328 /* SceneDelegate.swift in Sources */,
				2CFA284D2BF60D08001AF328 /* Reminder.swift in Sources */,
				2C4D587D2BFCD6AD00344842 /* ReminderListViewController+DataSource.swift in Sources */,
			);
			runOnlyForDeploymentPostprocessing = 0;
		};
/* End PBXSourcesBuildPhase section */

/* Begin PBXVariantGroup section */
		2CFA283D2BF6023D001AF328 /* Main.storyboard */ = {
			isa = PBXVariantGroup;
			children = (
				2CFA283E2BF6023D001AF328 /* Base */,
			);
			name = Main.storyboard;
			sourceTree = "<group>";
		};
		2CFA28422BF6023E001AF328 /* LaunchScreen.storyboard */ = {
			isa = PBXVariantGroup;
			children = (
				2CFA28432BF6023E001AF328 /* Base */,
			);
			name = LaunchScreen.storyboard;
			sourceTree = "<group>";
		};
/* End PBXVariantGroup section */

/* Begin XCBuildConfiguration section */
		2CFA28462BF6023E001AF328 /* Debug */ = {
			isa = XCBuildConfiguration;
			buildSettings = {
				ALWAYS_SEARCH_USER_PATHS = NO;
				CLANG_ANALYZER_NONNULL = YES;
				CLANG_ANALYZER_NUMBER_OBJECT_CONVERSION = YES_AGGRESSIVE;
				CLANG_CXX_LANGUAGE_STANDARD = "gnu++20";
				CLANG_ENABLE_MODULES = YES;
				CLANG_ENABLE_OBJC_ARC = YES;
				CLANG_ENABLE_OBJC_WEAK = YES;
				CLANG_WARN_BLOCK_CAPTURE_AUTORELEASING = YES;
				CLANG_WARN_BOOL_CONVERSION = YES;
				CLANG_WARN_COMMA = YES;
				CLANG_WARN_CONSTANT_CONVERSION = YES;
				CLANG_WARN_DEPRECATED_OBJC_IMPLEMENTATIONS = YES;
				CLANG_WARN_DIRECT_OBJC_ISA_USAGE = YES_ERROR;
				CLANG_WARN_DOCUMENTATION_COMMENTS = YES;
				CLANG_WARN_EMPTY_BODY = YES;
				CLANG_WARN_ENUM_CONVERSION = YES;
				CLANG_WARN_INFINITE_RECURSION = YES;
				CLANG_WARN_INT_CONVERSION = YES;
				CLANG_WARN_NON_LITERAL_NULL_CONVERSION = YES;
				CLANG_WARN_OBJC_IMPLICIT_RETAIN_SELF = YES;
				CLANG_WARN_OBJC_LITERAL_CONVERSION = YES;
				CLANG_WARN_OBJC_ROOT_CLASS = YES_ERROR;
				CLANG_WARN_QUOTED_INCLUDE_IN_FRAMEWORK_HEADER = YES;
				CLANG_WARN_RANGE_LOOP_ANALYSIS = YES;
				CLANG_WARN_STRICT_PROTOTYPES = YES;
				CLANG_WARN_SUSPICIOUS_MOVE = YES;
				CLANG_WARN_UNGUARDED_AVAILABILITY = YES_AGGRESSIVE;
				CLANG_WARN_UNREACHABLE_CODE = YES;
				CLANG_WARN__DUPLICATE_METHOD_MATCH = YES;
				COPY_PHASE_STRIP = NO;
				DEBUG_INFORMATION_FORMAT = dwarf;
				ENABLE_STRICT_OBJC_MSGSEND = YES;
				ENABLE_TESTABILITY = YES;
				GCC_C_LANGUAGE_STANDARD = gnu11;
				GCC_DYNAMIC_NO_PIC = NO;
				GCC_NO_COMMON_BLOCKS = YES;
				GCC_OPTIMIZATION_LEVEL = 0;
				GCC_PREPROCESSOR_DEFINITIONS = (
					"DEBUG=1",
					"$(inherited)",
				);
				GCC_WARN_64_TO_32_BIT_CONVERSION = YES;
				GCC_WARN_ABOUT_RETURN_TYPE = YES_ERROR;
				GCC_WARN_UNDECLARED_SELECTOR = YES;
				GCC_WARN_UNINITIALIZED_AUTOS = YES_AGGRESSIVE;
				GCC_WARN_UNUSED_FUNCTION = YES;
				GCC_WARN_UNUSED_VARIABLE = YES;
				IPHONEOS_DEPLOYMENT_TARGET = 16.4;
				MTL_ENABLE_DEBUG_INFO = INCLUDE_SOURCE;
				MTL_FAST_MATH = YES;
				ONLY_ACTIVE_ARCH = YES;
				SDKROOT = iphoneos;
				SWIFT_ACTIVE_COMPILATION_CONDITIONS = DEBUG;
				SWIFT_OPTIMIZATION_LEVEL = "-Onone";
			};
			name = Debug;
		};
		2CFA28472BF6023E001AF328 /* Release */ = {
			isa = XCBuildConfiguration;
			buildSettings = {
				ALWAYS_SEARCH_USER_PATHS = NO;
				CLANG_ANALYZER_NONNULL = YES;
				CLANG_ANALYZER_NUMBER_OBJECT_CONVERSION = YES_AGGRESSIVE;
				CLANG_CXX_LANGUAGE_STANDARD = "gnu++20";
				CLANG_ENABLE_MODULES = YES;
				CLANG_ENABLE_OBJC_ARC = YES;
				CLANG_ENABLE_OBJC_WEAK = YES;
				CLANG_WARN_BLOCK_CAPTURE_AUTORELEASING = YES;
				CLANG_WARN_BOOL_CONVERSION = YES;
				CLANG_WARN_COMMA = YES;
				CLANG_WARN_CONSTANT_CONVERSION = YES;
				CLANG_WARN_DEPRECATED_OBJC_IMPLEMENTATIONS = YES;
				CLANG_WARN_DIRECT_OBJC_ISA_USAGE = YES_ERROR;
				CLANG_WARN_DOCUMENTATION_COMMENTS = YES;
				CLANG_WARN_EMPTY_BODY = YES;
				CLANG_WARN_ENUM_CONVERSION = YES;
				CLANG_WARN_INFINITE_RECURSION = YES;
				CLANG_WARN_INT_CONVERSION = YES;
				CLANG_WARN_NON_LITERAL_NULL_CONVERSION = YES;
				CLANG_WARN_OBJC_IMPLICIT_RETAIN_SELF = YES;
				CLANG_WARN_OBJC_LITERAL_CONVERSION = YES;
				CLANG_WARN_OBJC_ROOT_CLASS = YES_ERROR;
				CLANG_WARN_QUOTED_INCLUDE_IN_FRAMEWORK_HEADER = YES;
				CLANG_WARN_RANGE_LOOP_ANALYSIS = YES;
				CLANG_WARN_STRICT_PROTOTYPES = YES;
				CLANG_WARN_SUSPICIOUS_MOVE = YES;
				CLANG_WARN_UNGUARDED_AVAILABILITY = YES_AGGRESSIVE;
				CLANG_WARN_UNREACHABLE_CODE = YES;
				CLANG_WARN__DUPLICATE_METHOD_MATCH = YES;
				COPY_PHASE_STRIP = NO;
				DEBUG_INFORMATION_FORMAT = "dwarf-with-dsym";
				ENABLE_NS_ASSERTIONS = NO;
				ENABLE_STRICT_OBJC_MSGSEND = YES;
				GCC_C_LANGUAGE_STANDARD = gnu11;
				GCC_NO_COMMON_BLOCKS = YES;
				GCC_WARN_64_TO_32_BIT_CONVERSION = YES;
				GCC_WARN_ABOUT_RETURN_TYPE = YES_ERROR;
				GCC_WARN_UNDECLARED_SELECTOR = YES;
				GCC_WARN_UNINITIALIZED_AUTOS = YES_AGGRESSIVE;
				GCC_WARN_UNUSED_FUNCTION = YES;
				GCC_WARN_UNUSED_VARIABLE = YES;
				IPHONEOS_DEPLOYMENT_TARGET = 16.4;
				MTL_ENABLE_DEBUG_INFO = NO;
				MTL_FAST_MATH = YES;
				SDKROOT = iphoneos;
				SWIFT_COMPILATION_MODE = wholemodule;
				SWIFT_OPTIMIZATION_LEVEL = "-O";
				VALIDATE_PRODUCT = YES;
			};
			name = Release;
		};
		2CFA28492BF6023E001AF328 /* Debug */ = {
			isa = XCBuildConfiguration;
			buildSettings = {
				ASSETCATALOG_COMPILER_APPICON_NAME = AppIcon;
				ASSETCATALOG_COMPILER_GLOBAL_ACCENT_COLOR_NAME = AccentColor;
				CODE_SIGN_STYLE = Automatic;
				CURRENT_PROJECT_VERSION = 1;
				DEVELOPMENT_TEAM = GR465RHT3M;
				GENERATE_INFOPLIST_FILE = YES;
				INFOPLIST_FILE = Today/Info.plist;
				INFOPLIST_KEY_UIApplicationSupportsIndirectInputEvents = YES;
				INFOPLIST_KEY_UILaunchStoryboardName = LaunchScreen;
				INFOPLIST_KEY_UIMainStoryboardFile = Main;
				INFOPLIST_KEY_UISupportedInterfaceOrientations_iPad = "UIInterfaceOrientationPortrait UIInterfaceOrientationPortraitUpsideDown UIInterfaceOrientationLandscapeLeft UIInterfaceOrientationLandscapeRight";
				INFOPLIST_KEY_UISupportedInterfaceOrientations_iPhone = "UIInterfaceOrientationPortrait UIInterfaceOrientationLandscapeLeft UIInterfaceOrientationLandscapeRight";
				LD_RUNPATH_SEARCH_PATHS = (
					"$(inherited)",
					"@executable_path/Frameworks",
				);
				MARKETING_VERSION = 1.0;
				PRODUCT_BUNDLE_IDENTIFIER = ru.ayrmidon.Today;
				PRODUCT_NAME = "$(TARGET_NAME)";
				SWIFT_EMIT_LOC_STRINGS = YES;
				SWIFT_VERSION = 5.0;
				TARGETED_DEVICE_FAMILY = "1,2";
			};
			name = Debug;
		};
		2CFA284A2BF6023E001AF328 /* Release */ = {
			isa = XCBuildConfiguration;
			buildSettings = {
				ASSETCATALOG_COMPILER_APPICON_NAME = AppIcon;
				ASSETCATALOG_COMPILER_GLOBAL_ACCENT_COLOR_NAME = AccentColor;
				CODE_SIGN_STYLE = Automatic;
				CURRENT_PROJECT_VERSION = 1;
				DEVELOPMENT_TEAM = GR465RHT3M;
				GENERATE_INFOPLIST_FILE = YES;
				INFOPLIST_FILE = Today/Info.plist;
				INFOPLIST_KEY_UIApplicationSupportsIndirectInputEvents = YES;
				INFOPLIST_KEY_UILaunchStoryboardName = LaunchScreen;
				INFOPLIST_KEY_UIMainStoryboardFile = Main;
				INFOPLIST_KEY_UISupportedInterfaceOrientations_iPad = "UIInterfaceOrientationPortrait UIInterfaceOrientationPortraitUpsideDown UIInterfaceOrientationLandscapeLeft UIInterfaceOrientationLandscapeRight";
				INFOPLIST_KEY_UISupportedInterfaceOrientations_iPhone = "UIInterfaceOrientationPortrait UIInterfaceOrientationLandscapeLeft UIInterfaceOrientationLandscapeRight";
				LD_RUNPATH_SEARCH_PATHS = (
					"$(inherited)",
					"@executable_path/Frameworks",
				);
				MARKETING_VERSION = 1.0;
				PRODUCT_BUNDLE_IDENTIFIER = ru.ayrmidon.Today;
				PRODUCT_NAME = "$(TARGET_NAME)";
				SWIFT_EMIT_LOC_STRINGS = YES;
				SWIFT_VERSION = 5.0;
				TARGETED_DEVICE_FAMILY = "1,2";
			};
			name = Release;
		};
/* End XCBuildConfiguration section */

/* Begin XCConfigurationList section */
		2CFA282F2BF6023D001AF328 /* Build configuration list for PBXProject "Today" */ = {
			isa = XCConfigurationList;
			buildConfigurations = (
				2CFA28462BF6023E001AF328 /* Debug */,
				2CFA28472BF6023E001AF328 /* Release */,
			);
			defaultConfigurationIsVisible = 0;
			defaultConfigurationName = Release;
		};
		2CFA28482BF6023E001AF328 /* Build configuration list for PBXNativeTarget "Today" */ = {
			isa = XCConfigurationList;
			buildConfigurations = (
				2CFA28492BF6023E001AF328 /* Debug */,
				2CFA284A2BF6023E001AF328 /* Release */,
			);
			defaultConfigurationIsVisible = 0;
			defaultConfigurationName = Release;
		};
/* End XCConfigurationList section */
	};
	rootObject = 2CFA282C2BF6023D001AF328 /* Project object */;
}
